
Microsoft Visual Studio Solution File, Format Version 12.00
# Visual Studio 15
VisualStudioVersion = 15.0.28307.1831
MinimumVisualStudioVersion = 10.0.40219.1
Project("{8BC9CEB8-8B4A-11D0-8D11-00A0C91BC942}") = "mostafa_function", "mostafa_function\mostafa_function.vcxproj", "{BEA7FBE5-0302-4B21-92C7-5D3473B4753B}"
EndProject
Global
	GlobalSection(SolutionConfigurationPlatforms) = preSolution
		Debug|x64 = Debug|x64
		Debug|x86 = Debug|x86
		Release|x64 = Release|x64
		Release|x86 = Release|x86
	EndGlobalSection
	GlobalSection(ProjectConfigurationPlatforms) = postSolution
		{BEA7FBE5-0302-4B21-92C7-5D3473B4753B}.Debug|x64.ActiveCfg = Debug|x64
		{BEA7FBE5-0302-4B21-92C7-5D3473B4753B}.Debug|x64.Build.0 = Debug|x64
		{BEA7FBE5-0302-4B21-92C7-5D3473B4753B}.Debug|x86.ActiveCfg = Debug|Win32
		{BEA7FBE5-0302-4B21-92C7-5D3473B4753B}.Debug|x86.Build.0 = Debug|Win32
		{BEA7FBE5-0302-4B21-92C7-5D3473B4753B}.Release|x64.ActiveCfg = Release|x64
		{BEA7FBE5-0302-4B21-92C7-5D3473B4753B}.Release|x64.Build.0 = Release|x64
		{BEA7FBE5-0302-4B21-92C7-5D3473B4753B}.Release|x86.ActiveCfg = Release|Win32
		{BEA7FBE5-0302-4B21-92C7-5D3473B4753B}.Release|x86.Build.0 = Release|Win32
	EndGlobalSection
	GlobalSection(SolutionProperties) = preSolution
		HideSolutionNode = FALSE
	EndGlobalSection
	GlobalSection(ExtensibilityGlobals) = postSolution
		SolutionGuid = {F7A66749-36CA-494F-A0C1-1F41D17EC3A9}
	EndGlobalSection
EndGlobal
